
Microsoft Visual Studio Solution File, Format Version 12.00
# Visual Studio Version 17
VisualStudioVersion = 17.1.32228.430
MinimumVisualStudioVersion = 10.0.40219.1
Project("{FAE04EC0-301F-11D3-BF4B-00C04F79EFBC}") = "Undine.TofuECS", "Undine.TofuECS\Undine.TofuECS.csproj", "{CD8C8610-C44E-49C0-B4C3-806BA160EF01}"
EndProject
Global
	GlobalSection(SolutionConfigurationPlatforms) = preSolution
		Debug|Any CPU = Debug|Any CPU
		Release|Any CPU = Release|Any CPU
	EndGlobalSection
	GlobalSection(ProjectConfigurationPlatforms) = postSolution
		{CD8C8610-C44E-49C0-B4C3-806BA160EF01}.Debug|Any CPU.ActiveCfg = Debug|Any CPU
		{CD8C8610-C44E-49C0-B4C3-806BA160EF01}.Debug|Any CPU.Build.0 = Debug|Any CPU
		{CD8C8610-C44E-49C0-B4C3-806BA160EF01}.Release|Any CPU.ActiveCfg = Release|Any CPU
		{CD8C8610-C44E-49C0-B4C3-806BA160EF01}.Release|Any CPU.Build.0 = Release|Any CPU
	EndGlobalSection
	GlobalSection(SolutionProperties) = preSolution
		HideSolutionNode = FALSE
	EndGlobalSection
	GlobalSection(ExtensibilityGlobals) = postSolution
		SolutionGuid = {A997A763-B673-453A-B802-0E13F74AA02A}
	EndGlobalSection
EndGlobal
